
Microsoft Visual Studio Solution File, Format Version 12.00
# Visual Studio 15
VisualStudioVersion = 15.0.28307.2092
MinimumVisualStudioVersion = 10.0.40219.1
Project("{8BC9CEB8-8B4A-11D0-8D11-00A0C91BC942}") = "Project3_33", "Project3_33\Project3_33.vcxproj", "{021262A4-B8C9-4A2E-9117-4D13004D8C42}"
EndProject
Global
	GlobalSection(SolutionConfigurationPlatforms) = preSolution
		Debug|x64 = Debug|x64
		Debug|x86 = Debug|x86
		Release|x64 = Release|x64
		Release|x86 = Release|x86
	EndGlobalSection
	GlobalSection(ProjectConfigurationPlatforms) = postSolution
		{021262A4-B8C9-4A2E-9117-4D13004D8C42}.Debug|x64.ActiveCfg = Debug|x64
		{021262A4-B8C9-4A2E-9117-4D13004D8C42}.Debug|x64.Build.0 = Debug|x64
		{021262A4-B8C9-4A2E-9117-4D13004D8C42}.Debug|x86.ActiveCfg = Debug|Win32
		{021262A4-B8C9-4A2E-9117-4D13004D8C42}.Debug|x86.Build.0 = Debug|Win32
		{021262A4-B8C9-4A2E-9117-4D13004D8C42}.Release|x64.ActiveCfg = Release|x64
		{021262A4-B8C9-4A2E-9117-4D13004D8C42}.Release|x64.Build.0 = Release|x64
		{021262A4-B8C9-4A2E-9117-4D13004D8C42}.Release|x86.ActiveCfg = Release|Win32
		{021262A4-B8C9-4A2E-9117-4D13004D8C42}.Release|x86.Build.0 = Release|Win32
	EndGlobalSection
	GlobalSection(SolutionProperties) = preSolution
		HideSolutionNode = FALSE
	EndGlobalSection
	GlobalSection(ExtensibilityGlobals) = postSolution
		SolutionGuid = {B4A0AA1F-F663-4178-BC8D-E1AFCF3102B7}
	EndGlobalSection
EndGlobal
